// !$*UTF8*$!
{
	archiveVersion = 1;
	classes = {
	};
	objectVersion = 55;
	objects = {

/* Begin PBXBuildFile section */
		362835B6FADC5D093415F3E3 /* Pods_CollectionViewCompositionalLayout.framework in Frameworks */ = {isa = PBXBuildFile; fileRef = 6A99E70694D47756B8DDE484 /* Pods_CollectionViewCompositionalLayout.framework */; };
		C82C6AE227ED53C800EA0DF2 /* AppDelegate.swift in Sources */ = {isa = PBXBuildFile; fileRef = C82C6AE127ED53C800EA0DF2 /* AppDelegate.swift */; };
		C82C6AE427ED53C800EA0DF2 /* SceneDelegate.swift in Sources */ = {isa = PBXBuildFile; fileRef = C82C6AE327ED53C800EA0DF2 /* SceneDelegate.swift */; };
		C82C6AE627ED53C800EA0DF2 /* ViewController.swift in Sources */ = {isa = PBXBuildFile; fileRef = C82C6AE527ED53C800EA0DF2 /* ViewController.swift */; };
		C82C6AEB27ED53C900EA0DF2 /* Assets.xcassets in Resources */ = {isa = PBXBuildFile; fileRef = C82C6AEA27ED53C900EA0DF2 /* Assets.xcassets */; };
		C82C6AF727ED55D000EA0DF2 /* ApplicationCoordinator.swift in Sources */ = {isa = PBXBuildFile; fileRef = C82C6AF627ED55D000EA0DF2 /* ApplicationCoordinator.swift */; };
		C82C6AF927ED561400EA0DF2 /* CoordinatorProtocols.swift in Sources */ = {isa = PBXBuildFile; fileRef = C82C6AF827ED561400EA0DF2 /* CoordinatorProtocols.swift */; };
		C82C6AFB27ED563400EA0DF2 /* BaseCoordinator.swift in Sources */ = {isa = PBXBuildFile; fileRef = C82C6AFA27ED563400EA0DF2 /* BaseCoordinator.swift */; };
		C82C6AFF27ED56CC00EA0DF2 /* ItemsViewControllerCoordinator.swift in Sources */ = {isa = PBXBuildFile; fileRef = C82C6AFE27ED56CC00EA0DF2 /* ItemsViewControllerCoordinator.swift */; };
		C82C6B0227ED592B00EA0DF2 /* DataFromServer.swift in Sources */ = {isa = PBXBuildFile; fileRef = C82C6B0127ED592B00EA0DF2 /* DataFromServer.swift */; };
		C82C6B0527ED599100EA0DF2 /* UIViewExtension.swift in Sources */ = {isa = PBXBuildFile; fileRef = C82C6B0427ED599100EA0DF2 /* UIViewExtension.swift */; };
		C82C6B0727ED59A600EA0DF2 /* UIColorExtension.swift in Sources */ = {isa = PBXBuildFile; fileRef = C82C6B0627ED59A600EA0DF2 /* UIColorExtension.swift */; };
		C82C6B0927ED59BF00EA0DF2 /* UILablelExtension.swift in Sources */ = {isa = PBXBuildFile; fileRef = C82C6B0827ED59BF00EA0DF2 /* UILablelExtension.swift */; };
		C82C6B0B27ED5A7500EA0DF2 /* Constants.swift in Sources */ = {isa = PBXBuildFile; fileRef = C82C6B0A27ED5A7500EA0DF2 /* Constants.swift */; };
/* End PBXBuildFile section */

/* Begin PBXFileReference section */
		6A99E70694D47756B8DDE484 /* Pods_CollectionViewCompositionalLayout.framework */ = {isa = PBXFileReference; explicitFileType = wrapper.framework; includeInIndex = 0; path = Pods_CollectionViewCompositionalLayout.framework; sourceTree = BUILT_PRODUCTS_DIR; };
		7C0A930E832EF42BEB468F11 /* Pods-CollectionViewCompositionalLayout.release.xcconfig */ = {isa = PBXFileReference; includeInIndex = 1; lastKnownFileType = text.xcconfig; name = "Pods-CollectionViewCompositionalLayout.release.xcconfig"; path = "Target Support Files/Pods-CollectionViewCompositionalLayout/Pods-CollectionViewCompositionalLayout.release.xcconfig"; sourceTree = "<group>"; };
		8E5F6D324F7BF4D4C5B0507A /* Pods-CollectionViewCompositionalLayout.debug.xcconfig */ = {isa = PBXFileReference; includeInIndex = 1; lastKnownFileType = text.xcconfig; name = "Pods-CollectionViewCompositionalLayout.debug.xcconfig"; path = "Target Support Files/Pods-CollectionViewCompositionalLayout/Pods-CollectionViewCompositionalLayout.debug.xcconfig"; sourceTree = "<group>"; };
		C82C6ADE27ED53C800EA0DF2 /* CollectionViewCompositionalLayout.app */ = {isa = PBXFileReference; explicitFileType = wrapper.application; includeInIndex = 0; path = CollectionViewCompositionalLayout.app; sourceTree = BUILT_PRODUCTS_DIR; };
		C82C6AE127ED53C800EA0DF2 /* AppDelegate.swift */ = {isa = PBXFileReference; lastKnownFileType = sourcecode.swift; path = AppDelegate.swift; sourceTree = "<group>"; };
		C82C6AE327ED53C800EA0DF2 /* SceneDelegate.swift */ = {isa = PBXFileReference; lastKnownFileType = sourcecode.swift; path = SceneDelegate.swift; sourceTree = "<group>"; };
		C82C6AE527ED53C800EA0DF2 /* ViewController.swift */ = {isa = PBXFileReference; lastKnownFileType = sourcecode.swift; path = ViewController.swift; sourceTree = "<group>"; };
		C82C6AEA27ED53C900EA0DF2 /* Assets.xcassets */ = {isa = PBXFileReference; lastKnownFileType = folder.assetcatalog; path = Assets.xcassets; sourceTree = "<group>"; };
		C82C6AEF27ED53C900EA0DF2 /* Info.plist */ = {isa = PBXFileReference; lastKnownFileType = text.plist.xml; path = Info.plist; sourceTree = "<group>"; };
		C82C6AF627ED55D000EA0DF2 /* ApplicationCoordinator.swift */ = {isa = PBXFileReference; lastKnownFileType = sourcecode.swift; path = ApplicationCoordinator.swift; sourceTree = "<group>"; };
		C82C6AF827ED561400EA0DF2 /* CoordinatorProtocols.swift */ = {isa = PBXFileReference; lastKnownFileType = sourcecode.swift; path = CoordinatorProtocols.swift; sourceTree = "<group>"; };
		C82C6AFA27ED563400EA0DF2 /* BaseCoordinator.swift */ = {isa = PBXFileReference; lastKnownFileType = sourcecode.swift; path = BaseCoordinator.swift; sourceTree = "<group>"; };
		C82C6AFE27ED56CC00EA0DF2 /* ItemsViewControllerCoordinator.swift */ = {isa = PBXFileReference; lastKnownFileType = sourcecode.swift; path = ItemsViewControllerCoordinator.swift; sourceTree = "<group>"; };
		C82C6B0127ED592B00EA0DF2 /* DataFromServer.swift */ = {isa = PBXFileReference; lastKnownFileType = sourcecode.swift; path = DataFromServer.swift; sourceTree = "<group>"; };
		C82C6B0427ED599100EA0DF2 /* UIViewExtension.swift */ = {isa = PBXFileReference; lastKnownFileType = sourcecode.swift; path = UIViewExtension.swift; sourceTree = "<group>"; };
		C82C6B0627ED59A600EA0DF2 /* UIColorExtension.swift */ = {isa = PBXFileReference; lastKnownFileType = sourcecode.swift; path = UIColorExtension.swift; sourceTree = "<group>"; };
		C82C6B0827ED59BF00EA0DF2 /* UILablelExtension.swift */ = {isa = PBXFileReference; lastKnownFileType = sourcecode.swift; path = UILablelExtension.swift; sourceTree = "<group>"; };
		C82C6B0A27ED5A7500EA0DF2 /* Constants.swift */ = {isa = PBXFileReference; lastKnownFileType = sourcecode.swift; path = Constants.swift; sourceTree = "<group>"; };
/* End PBXFileReference section */

/* Begin PBXFrameworksBuildPhase section */
		C82C6ADB27ED53C800EA0DF2 /* Frameworks */ = {
			isa = PBXFrameworksBuildPhase;
			buildActionMask = 2147483647;
			files = (
				362835B6FADC5D093415F3E3 /* Pods_CollectionViewCompositionalLayout.framework in Frameworks */,
			);
			runOnlyForDeploymentPostprocessing = 0;
		};
/* End PBXFrameworksBuildPhase section */

/* Begin PBXGroup section */
		0DF92663E0D800E1ADD7A400 /* Frameworks */ = {
			isa = PBXGroup;
			children = (
				6A99E70694D47756B8DDE484 /* Pods_CollectionViewCompositionalLayout.framework */,
			);
			name = Frameworks;
			sourceTree = "<group>";
		};
		9B36ED77B73BE06A6CFE0033 /* Pods */ = {
			isa = PBXGroup;
			children = (
				8E5F6D324F7BF4D4C5B0507A /* Pods-CollectionViewCompositionalLayout.debug.xcconfig */,
				7C0A930E832EF42BEB468F11 /* Pods-CollectionViewCompositionalLayout.release.xcconfig */,
			);
			path = Pods;
			sourceTree = "<group>";
		};
		C82C6AD527ED53C800EA0DF2 = {
			isa = PBXGroup;
			children = (
				C82C6AE027ED53C800EA0DF2 /* CollectionViewCompositionalLayout */,
				C82C6AEA27ED53C900EA0DF2 /* Assets.xcassets */,
				C82C6AEF27ED53C900EA0DF2 /* Info.plist */,
				C82C6ADF27ED53C800EA0DF2 /* Products */,
				9B36ED77B73BE06A6CFE0033 /* Pods */,
				0DF92663E0D800E1ADD7A400 /* Frameworks */,
			);
			sourceTree = "<group>";
		};
		C82C6ADF27ED53C800EA0DF2 /* Products */ = {
			isa = PBXGroup;
			children = (
				C82C6ADE27ED53C800EA0DF2 /* CollectionViewCompositionalLayout.app */,
			);
			name = Products;
			sourceTree = "<group>";
		};
		C82C6AE027ED53C800EA0DF2 /* CollectionViewCompositionalLayout */ = {
			isa = PBXGroup;
			children = (
				C82C6AFC27ED566400EA0DF2 /* Coordinators */,
				C82C6B0027ED591300EA0DF2 /* Models */,
				C82C6B0327ED596C00EA0DF2 /* Helpers */,
				C82C6AF527ED55B400EA0DF2 /* App */,
				C82C6AE527ED53C800EA0DF2 /* ViewController.swift */,
			);
			path = CollectionViewCompositionalLayout;
			sourceTree = "<group>";
		};
		C82C6AF527ED55B400EA0DF2 /* App */ = {
			isa = PBXGroup;
			children = (
				C82C6AE127ED53C800EA0DF2 /* AppDelegate.swift */,
				C82C6AE327ED53C800EA0DF2 /* SceneDelegate.swift */,
			);
			path = App;
			sourceTree = "<group>";
		};
		C82C6AFC27ED566400EA0DF2 /* Coordinators */ = {
			isa = PBXGroup;
			children = (
				C82C6AF627ED55D000EA0DF2 /* ApplicationCoordinator.swift */,
				C82C6AFD27ED567C00EA0DF2 /* MainSettings */,
				C82C6AFE27ED56CC00EA0DF2 /* ItemsViewControllerCoordinator.swift */,
			);
			path = Coordinators;
			sourceTree = "<group>";
		};
		C82C6AFD27ED567C00EA0DF2 /* MainSettings */ = {
			isa = PBXGroup;
			children = (
				C82C6AF827ED561400EA0DF2 /* CoordinatorProtocols.swift */,
				C82C6AFA27ED563400EA0DF2 /* BaseCoordinator.swift */,
			);
			path = MainSettings;
			sourceTree = "<group>";
		};
		C82C6B0027ED591300EA0DF2 /* Models */ = {
			isa = PBXGroup;
			children = (
				C82C6B0127ED592B00EA0DF2 /* DataFromServer.swift */,
				C82C6B0A27ED5A7500EA0DF2 /* Constants.swift */,
			);
			path = Models;
			sourceTree = "<group>";
		};
		C82C6B0327ED596C00EA0DF2 /* Helpers */ = {
			isa = PBXGroup;
			children = (
				C82C6B0427ED599100EA0DF2 /* UIViewExtension.swift */,
				C82C6B0827ED59BF00EA0DF2 /* UILablelExtension.swift */,
				C82C6B0627ED59A600EA0DF2 /* UIColorExtension.swift */,
			);
			path = Helpers;
			sourceTree = "<group>";
		};
/* End PBXGroup section */

/* Begin PBXNativeTarget section */
		C82C6ADD27ED53C800EA0DF2 /* CollectionViewCompositionalLayout */ = {
			isa = PBXNativeTarget;
			buildConfigurationList = C82C6AF227ED53C900EA0DF2 /* Build configuration list for PBXNativeTarget "CollectionViewCompositionalLayout" */;
			buildPhases = (
				CB97025FF8842CEFCA1A1446 /* [CP] Check Pods Manifest.lock */,
				C82C6ADA27ED53C800EA0DF2 /* Sources */,
				C82C6ADB27ED53C800EA0DF2 /* Frameworks */,
				C82C6ADC27ED53C800EA0DF2 /* Resources */,
				0B9E1E8973F5A9620C6EA117 /* [CP] Embed Pods Frameworks */,
			);
			buildRules = (
			);
			dependencies = (
			);
			name = CollectionViewCompositionalLayout;
			productName = CollectionViewCompositionalLayout;
			productReference = C82C6ADE27ED53C800EA0DF2 /* CollectionViewCompositionalLayout.app */;
			productType = "com.apple.product-type.application";
		};
/* End PBXNativeTarget section */

/* Begin PBXProject section */
		C82C6AD627ED53C800EA0DF2 /* Project object */ = {
			isa = PBXProject;
			attributes = {
				BuildIndependentTargetsInParallel = 1;
				LastSwiftUpdateCheck = 1320;
				LastUpgradeCheck = 1320;
				TargetAttributes = {
					C82C6ADD27ED53C800EA0DF2 = {
						CreatedOnToolsVersion = 13.2.1;
					};
				};
			};
			buildConfigurationList = C82C6AD927ED53C800EA0DF2 /* Build configuration list for PBXProject "CollectionViewCompositionalLayout" */;
			compatibilityVersion = "Xcode 13.0";
			developmentRegion = en;
			hasScannedForEncodings = 0;
			knownRegions = (
				en,
				Base,
			);
			mainGroup = C82C6AD527ED53C800EA0DF2;
			productRefGroup = C82C6ADF27ED53C800EA0DF2 /* Products */;
			projectDirPath = "";
			projectRoot = "";
			targets = (
				C82C6ADD27ED53C800EA0DF2 /* CollectionViewCompositionalLayout */,
			);
		};
/* End PBXProject section */

/* Begin PBXResourcesBuildPhase section */
		C82C6ADC27ED53C800EA0DF2 /* Resources */ = {
			isa = PBXResourcesBuildPhase;
			buildActionMask = 2147483647;
			files = (
				C82C6AEB27ED53C900EA0DF2 /* Assets.xcassets in Resources */,
			);
			runOnlyForDeploymentPostprocessing = 0;
		};
/* End PBXResourcesBuildPhase section */

/* Begin PBXShellScriptBuildPhase section */
		0B9E1E8973F5A9620C6EA117 /* [CP] Embed Pods Frameworks */ = {
			isa = PBXShellScriptBuildPhase;
			buildActionMask = 2147483647;
			files = (
			);
			inputFileListPaths = (
				"${PODS_ROOT}/Target Support Files/Pods-CollectionViewCompositionalLayout/Pods-CollectionViewCompositionalLayout-frameworks-${CONFIGURATION}-input-files.xcfilelist",
			);
			name = "[CP] Embed Pods Frameworks";
			outputFileListPaths = (
				"${PODS_ROOT}/Target Support Files/Pods-CollectionViewCompositionalLayout/Pods-CollectionViewCompositionalLayout-frameworks-${CONFIGURATION}-output-files.xcfilelist",
			);
			runOnlyForDeploymentPostprocessing = 0;
			shellPath = /bin/sh;
			shellScript = "\"${PODS_ROOT}/Target Support Files/Pods-CollectionViewCompositionalLayout/Pods-CollectionViewCompositionalLayout-frameworks.sh\"\n";
			showEnvVarsInLog = 0;
		};
		CB97025FF8842CEFCA1A1446 /* [CP] Check Pods Manifest.lock */ = {
			isa = PBXShellScriptBuildPhase;
			buildActionMask = 2147483647;
			files = (
			);
			inputFileListPaths = (
			);
			inputPaths = (
				"${PODS_PODFILE_DIR_PATH}/Podfile.lock",
				"${PODS_ROOT}/Manifest.lock",
			);
			name = "[CP] Check Pods Manifest.lock";
			outputFileListPaths = (
			);
			outputPaths = (
				"$(DERIVED_FILE_DIR)/Pods-CollectionViewCompositionalLayout-checkManifestLockResult.txt",
			);
			runOnlyForDeploymentPostprocessing = 0;
			shellPath = /bin/sh;
			shellScript = "diff \"${PODS_PODFILE_DIR_PATH}/Podfile.lock\" \"${PODS_ROOT}/Manifest.lock\" > /dev/null\nif [ $? != 0 ] ; then\n    # print error to STDERR\n    echo \"error: The sandbox is not in sync with the Podfile.lock. Run 'pod install' or update your CocoaPods installation.\" >&2\n    exit 1\nfi\n# This output is used by Xcode 'outputs' to avoid re-running this script phase.\necho \"SUCCESS\" > \"${SCRIPT_OUTPUT_FILE_0}\"\n";
			showEnvVarsInLog = 0;
		};
/* End PBXShellScriptBuildPhase section */

/* Begin PBXSourcesBuildPhase section */
		C82C6ADA27ED53C800EA0DF2 /* Sources */ = {
			isa = PBXSourcesBuildPhase;
			buildActionMask = 2147483647;
			files = (
				C82C6AE627ED53C800EA0DF2 /* ViewController.swift in Sources */,
				C82C6AFB27ED563400EA0DF2 /* BaseCoordinator.swift in Sources */,
				C82C6AE227ED53C800EA0DF2 /* AppDelegate.swift in Sources */,
				C82C6AE427ED53C800EA0DF2 /* SceneDelegate.swift in Sources */,
				C82C6B0227ED592B00EA0DF2 /* DataFromServer.swift in Sources */,
				C82C6AF727ED55D000EA0DF2 /* ApplicationCoordinator.swift in Sources */,
				C82C6B0527ED599100EA0DF2 /* UIViewExtension.swift in Sources */,
				C82C6B0927ED59BF00EA0DF2 /* UILablelExtension.swift in Sources */,
				C82C6B0727ED59A600EA0DF2 /* UIColorExtension.swift in Sources */,
				C82C6AFF27ED56CC00EA0DF2 /* ItemsViewControllerCoordinator.swift in Sources */,
				C82C6AF927ED561400EA0DF2 /* CoordinatorProtocols.swift in Sources */,
				C82C6B0B27ED5A7500EA0DF2 /* Constants.swift in Sources */,
			);
			runOnlyForDeploymentPostprocessing = 0;
		};
/* End PBXSourcesBuildPhase section */

/* Begin XCBuildConfiguration section */
		C82C6AF027ED53C900EA0DF2 /* Debug */ = {
			isa = XCBuildConfiguration;
			buildSettings = {
				ALWAYS_SEARCH_USER_PATHS = NO;
				CLANG_ANALYZER_NONNULL = YES;
				CLANG_ANALYZER_NUMBER_OBJECT_CONVERSION = YES_AGGRESSIVE;
				CLANG_CXX_LANGUAGE_STANDARD = "gnu++17";
				CLANG_CXX_LIBRARY = "libc++";
				CLANG_ENABLE_MODULES = YES;
				CLANG_ENABLE_OBJC_ARC = YES;
				CLANG_ENABLE_OBJC_WEAK = YES;
				CLANG_WARN_BLOCK_CAPTURE_AUTORELEASING = YES;
				CLANG_WARN_BOOL_CONVERSION = YES;
				CLANG_WARN_COMMA = YES;
				CLANG_WARN_CONSTANT_CONVERSION = YES;
				CLANG_WARN_DEPRECATED_OBJC_IMPLEMENTATIONS = YES;
				CLANG_WARN_DIRECT_OBJC_ISA_USAGE = YES_ERROR;
				CLANG_WARN_DOCUMENTATION_COMMENTS = YES;
				CLANG_WARN_EMPTY_BODY = YES;
				CLANG_WARN_ENUM_CONVERSION = YES;
				CLANG_WARN_INFINITE_RECURSION = YES;
				CLANG_WARN_INT_CONVERSION = YES;
				CLANG_WARN_NON_LITERAL_NULL_CONVERSION = YES;
				CLANG_WARN_OBJC_IMPLICIT_RETAIN_SELF = YES;
				CLANG_WARN_OBJC_LITERAL_CONVERSION = YES;
				CLANG_WARN_OBJC_ROOT_CLASS = YES_ERROR;
				CLANG_WARN_QUOTED_INCLUDE_IN_FRAMEWORK_HEADER = YES;
				CLANG_WARN_RANGE_LOOP_ANALYSIS = YES;
				CLANG_WARN_STRICT_PROTOTYPES = YES;
				CLANG_WARN_SUSPICIOUS_MOVE = YES;
				CLANG_WARN_UNGUARDED_AVAILABILITY = YES_AGGRESSIVE;
				CLANG_WARN_UNREACHABLE_CODE = YES;
				CLANG_WARN__DUPLICATE_METHOD_MATCH = YES;
				COPY_PHASE_STRIP = NO;
				DEBUG_INFORMATION_FORMAT = dwarf;
				ENABLE_STRICT_OBJC_MSGSEND = YES;
				ENABLE_TESTABILITY = YES;
				GCC_C_LANGUAGE_STANDARD = gnu11;
				GCC_DYNAMIC_NO_PIC = NO;
				GCC_NO_COMMON_BLOCKS = YES;
				GCC_OPTIMIZATION_LEVEL = 0;
				GCC_PREPROCESSOR_DEFINITIONS = (
					"DEBUG=1",
					"$(inherited)",
				);
				GCC_WARN_64_TO_32_BIT_CONVERSION = YES;
				GCC_WARN_ABOUT_RETURN_TYPE = YES_ERROR;
				GCC_WARN_UNDECLARED_SELECTOR = YES;
				GCC_WARN_UNINITIALIZED_AUTOS = YES_AGGRESSIVE;
				GCC_WARN_UNUSED_FUNCTION = YES;
				GCC_WARN_UNUSED_VARIABLE = YES;
				IPHONEOS_DEPLOYMENT_TARGET = 15.2;
				MTL_ENABLE_DEBUG_INFO = INCLUDE_SOURCE;
				MTL_FAST_MATH = YES;
				ONLY_ACTIVE_ARCH = YES;
				SDKROOT = iphoneos;
				SWIFT_ACTIVE_COMPILATION_CONDITIONS = DEBUG;
				SWIFT_OPTIMIZATION_LEVEL = "-Onone";
			};
			name = Debug;
		};
		C82C6AF127ED53C900EA0DF2 /* Release */ = {
			isa = XCBuildConfiguration;
			buildSettings = {
				ALWAYS_SEARCH_USER_PATHS = NO;
				CLANG_ANALYZER_NONNULL = YES;
				CLANG_ANALYZER_NUMBER_OBJECT_CONVERSION = YES_AGGRESSIVE;
				CLANG_CXX_LANGUAGE_STANDARD = "gnu++17";
				CLANG_CXX_LIBRARY = "libc++";
				CLANG_ENABLE_MODULES = YES;
				CLANG_ENABLE_OBJC_ARC = YES;
				CLANG_ENABLE_OBJC_WEAK = YES;
				CLANG_WARN_BLOCK_CAPTURE_AUTORELEASING = YES;
				CLANG_WARN_BOOL_CONVERSION = YES;
				CLANG_WARN_COMMA = YES;
				CLANG_WARN_CONSTANT_CONVERSION = YES;
				CLANG_WARN_DEPRECATED_OBJC_IMPLEMENTATIONS = YES;
				CLANG_WARN_DIRECT_OBJC_ISA_USAGE = YES_ERROR;
				CLANG_WARN_DOCUMENTATION_COMMENTS = YES;
				CLANG_WARN_EMPTY_BODY = YES;
				CLANG_WARN_ENUM_CONVERSION = YES;
				CLANG_WARN_INFINITE_RECURSION = YES;
				CLANG_WARN_INT_CONVERSION = YES;
				CLANG_WARN_NON_LITERAL_NULL_CONVERSION = YES;
				CLANG_WARN_OBJC_IMPLICIT_RETAIN_SELF = YES;
				CLANG_WARN_OBJC_LITERAL_CONVERSION = YES;
				CLANG_WARN_OBJC_ROOT_CLASS = YES_ERROR;
				CLANG_WARN_QUOTED_INCLUDE_IN_FRAMEWORK_HEADER = YES;
				CLANG_WARN_RANGE_LOOP_ANALYSIS = YES;
				CLANG_WARN_STRICT_PROTOTYPES = YES;
				CLANG_WARN_SUSPICIOUS_MOVE = YES;
				CLANG_WARN_UNGUARDED_AVAILABILITY = YES_AGGRESSIVE;
				CLANG_WARN_UNREACHABLE_CODE = YES;
				CLANG_WARN__DUPLICATE_METHOD_MATCH = YES;
				COPY_PHASE_STRIP = NO;
				DEBUG_INFORMATION_FORMAT = "dwarf-with-dsym";
				ENABLE_NS_ASSERTIONS = NO;
				ENABLE_STRICT_OBJC_MSGSEND = YES;
				GCC_C_LANGUAGE_STANDARD = gnu11;
				GCC_NO_COMMON_BLOCKS = YES;
				GCC_WARN_64_TO_32_BIT_CONVERSION = YES;
				GCC_WARN_ABOUT_RETURN_TYPE = YES_ERROR;
				GCC_WARN_UNDECLARED_SELECTOR = YES;
				GCC_WARN_UNINITIALIZED_AUTOS = YES_AGGRESSIVE;
				GCC_WARN_UNUSED_FUNCTION = YES;
				GCC_WARN_UNUSED_VARIABLE = YES;
				IPHONEOS_DEPLOYMENT_TARGET = 15.2;
				MTL_ENABLE_DEBUG_INFO = NO;
				MTL_FAST_MATH = YES;
				SDKROOT = iphoneos;
				SWIFT_COMPILATION_MODE = wholemodule;
				SWIFT_OPTIMIZATION_LEVEL = "-O";
				VALIDATE_PRODUCT = YES;
			};
			name = Release;
		};
		C82C6AF327ED53C900EA0DF2 /* Debug */ = {
			isa = XCBuildConfiguration;
			baseConfigurationReference = 8E5F6D324F7BF4D4C5B0507A /* Pods-CollectionViewCompositionalLayout.debug.xcconfig */;
			buildSettings = {
				ASSETCATALOG_COMPILER_APPICON_NAME = AppIcon;
				ASSETCATALOG_COMPILER_GLOBAL_ACCENT_COLOR_NAME = AccentColor;
				CODE_SIGN_STYLE = Automatic;
				CURRENT_PROJECT_VERSION = 1;
				DEVELOPMENT_TEAM = AMP4K6VW86;
				GENERATE_INFOPLIST_FILE = YES;
				INFOPLIST_FILE = CollectionViewCompositionalLayout/Info.plist;
				INFOPLIST_KEY_UIApplicationSupportsIndirectInputEvents = YES;
				INFOPLIST_KEY_UILaunchStoryboardName = LaunchScreen;
				INFOPLIST_KEY_UISupportedInterfaceOrientations = UIInterfaceOrientationPortrait;
				INFOPLIST_KEY_UISupportedInterfaceOrientations_iPad = "UIInterfaceOrientationPortrait UIInterfaceOrientationPortraitUpsideDown UIInterfaceOrientationLandscapeLeft UIInterfaceOrientationLandscapeRight";
				INFOPLIST_KEY_UISupportedInterfaceOrientations_iPhone = "UIInterfaceOrientationPortrait UIInterfaceOrientationLandscapeLeft UIInterfaceOrientationLandscapeRight";
				LD_RUNPATH_SEARCH_PATHS = (
					"$(inherited)",
					"@executable_path/Frameworks",
				);
				MARKETING_VERSION = 1.0;
				PRODUCT_BUNDLE_IDENTIFIER = YanSakhnevich.CollectionViewCompositionalLayout;
				PRODUCT_NAME = "$(TARGET_NAME)";
				SWIFT_EMIT_LOC_STRINGS = YES;
				SWIFT_VERSION = 5.0;
				TARGETED_DEVICE_FAMILY = "1,2";
			};
			name = Debug;
		};
		C82C6AF427ED53C900EA0DF2 /* Release */ = {
			isa = XCBuildConfiguration;
			baseConfigurationReference = 7C0A930E832EF42BEB468F11 /* Pods-CollectionViewCompositionalLayout.release.xcconfig */;
			buildSettings = {
				ASSETCATALOG_COMPILER_APPICON_NAME = AppIcon;
				ASSETCATALOG_COMPILER_GLOBAL_ACCENT_COLOR_NAME = AccentColor;
				CODE_SIGN_STYLE = Automatic;
				CURRENT_PROJECT_VERSION = 1;
				DEVELOPMENT_TEAM = AMP4K6VW86;
				GENERATE_INFOPLIST_FILE = YES;
				INFOPLIST_FILE = CollectionViewCompositionalLayout/Info.plist;
				INFOPLIST_KEY_UIApplicationSupportsIndirectInputEvents = YES;
				INFOPLIST_KEY_UILaunchStoryboardName = LaunchScreen;
				INFOPLIST_KEY_UISupportedInterfaceOrientations = UIInterfaceOrientationPortrait;
				INFOPLIST_KEY_UISupportedInterfaceOrientations_iPad = "UIInterfaceOrientationPortrait UIInterfaceOrientationPortraitUpsideDown UIInterfaceOrientationLandscapeLeft UIInterfaceOrientationLandscapeRight";
				INFOPLIST_KEY_UISupportedInterfaceOrientations_iPhone = "UIInterfaceOrientationPortrait UIInterfaceOrientationLandscapeLeft UIInterfaceOrientationLandscapeRight";
				LD_RUNPATH_SEARCH_PATHS = (
					"$(inherited)",
					"@executable_path/Frameworks",
				);
				MARKETING_VERSION = 1.0;
				PRODUCT_BUNDLE_IDENTIFIER = YanSakhnevich.CollectionViewCompositionalLayout;
				PRODUCT_NAME = "$(TARGET_NAME)";
				SWIFT_EMIT_LOC_STRINGS = YES;
				SWIFT_VERSION = 5.0;
				TARGETED_DEVICE_FAMILY = "1,2";
			};
			name = Release;
		};
/* End XCBuildConfiguration section */

/* Begin XCConfigurationList section */
		C82C6AD927ED53C800EA0DF2 /* Build configuration list for PBXProject "CollectionViewCompositionalLayout" */ = {
			isa = XCConfigurationList;
			buildConfigurations = (
				C82C6AF027ED53C900EA0DF2 /* Debug */,
				C82C6AF127ED53C900EA0DF2 /* Release */,
			);
			defaultConfigurationIsVisible = 0;
			defaultConfigurationName = Release;
		};
		C82C6AF227ED53C900EA0DF2 /* Build configuration list for PBXNativeTarget "CollectionViewCompositionalLayout" */ = {
			isa = XCConfigurationList;
			buildConfigurations = (
				C82C6AF327ED53C900EA0DF2 /* Debug */,
				C82C6AF427ED53C900EA0DF2 /* Release */,
			);
			defaultConfigurationIsVisible = 0;
			defaultConfigurationName = Release;
		};
/* End XCConfigurationList section */
	};
	rootObject = C82C6AD627ED53C800EA0DF2 /* Project object */;
}
